
Microsoft Visual Studio Solution File, Format Version 12.00
# Visual Studio 14
VisualStudioVersion = 14.0.25420.1
MinimumVisualStudioVersion = 10.0.40219.1
Project("{FAE04EC0-301F-11D3-BF4B-00C04F79EFBC}") = "LauncherServer", "LauncherServer\LauncherServer.csproj", "{598E1403-39A4-403F-8CCC-1F640D6992C4}"
	ProjectSection(ProjectDependencies) = postProject
		{4FBB3734-215B-45B1-BDBC-0EFA156A6900} = {4FBB3734-215B-45B1-BDBC-0EFA156A6900}
	EndProjectSection
EndProject
Project("{FAE04EC0-301F-11D3-BF4B-00C04F79EFBC}") = "Client", "Client\Client.csproj", "{B3CE31FA-6823-46B3-B88F-C6A4D2844BC3}"
EndProject
Project("{FAE04EC0-301F-11D3-BF4B-00C04F79EFBC}") = "BattleNET", "BattleNET\BattleNET.csproj", "{4FBB3734-215B-45B1-BDBC-0EFA156A6900}"
EndProject
Global
	GlobalSection(SolutionConfigurationPlatforms) = preSolution
		Debug|Any CPU = Debug|Any CPU
		Release|Any CPU = Release|Any CPU
	EndGlobalSection
	GlobalSection(ProjectConfigurationPlatforms) = postSolution
		{598E1403-39A4-403F-8CCC-1F640D6992C4}.Debug|Any CPU.ActiveCfg = Debug|Any CPU
		{598E1403-39A4-403F-8CCC-1F640D6992C4}.Debug|Any CPU.Build.0 = Debug|Any CPU
		{598E1403-39A4-403F-8CCC-1F640D6992C4}.Release|Any CPU.ActiveCfg = Release|Any CPU
		{598E1403-39A4-403F-8CCC-1F640D6992C4}.Release|Any CPU.Build.0 = Release|Any CPU
		{B3CE31FA-6823-46B3-B88F-C6A4D2844BC3}.Debug|Any CPU.ActiveCfg = Debug|Any CPU
		{B3CE31FA-6823-46B3-B88F-C6A4D2844BC3}.Debug|Any CPU.Build.0 = Debug|Any CPU
		{B3CE31FA-6823-46B3-B88F-C6A4D2844BC3}.Release|Any CPU.ActiveCfg = Release|Any CPU
		{B3CE31FA-6823-46B3-B88F-C6A4D2844BC3}.Release|Any CPU.Build.0 = Release|Any CPU
		{4FBB3734-215B-45B1-BDBC-0EFA156A6900}.Debug|Any CPU.ActiveCfg = Debug|Any CPU
		{4FBB3734-215B-45B1-BDBC-0EFA156A6900}.Debug|Any CPU.Build.0 = Debug|Any CPU
		{4FBB3734-215B-45B1-BDBC-0EFA156A6900}.Release|Any CPU.ActiveCfg = Release|Any CPU
		{4FBB3734-215B-45B1-BDBC-0EFA156A6900}.Release|Any CPU.Build.0 = Release|Any CPU
	EndGlobalSection
	GlobalSection(SolutionProperties) = preSolution
		HideSolutionNode = FALSE
	EndGlobalSection
EndGlobal
